
Microsoft Visual Studio Solution File, Format Version 12.00
# Visual Studio 15
VisualStudioVersion = 15.0.26124.0
MinimumVisualStudioVersion = 15.0.26124.0
Project("{2150E333-8FDC-42A3-9474-1A3956D46DE8}") = "src", "src", "{CE76592F-1F6E-4CFE-82D4-7AB3382E34D8}"
EndProject
Project("{FAE04EC0-301F-11D3-BF4B-00C04F79EFBC}") = "PalTracker", "src\PalTracker\PalTracker.csproj", "{5E2161DF-6D6F-4CBF-AAE6-015C607FB143}"
EndProject
Project("{2150E333-8FDC-42A3-9474-1A3956D46DE8}") = "test", "test", "{817A34D7-E368-43E4-8AF4-B739E686029D}"
EndProject
Project("{FAE04EC0-301F-11D3-BF4B-00C04F79EFBC}") = "PalTrackerTests", "test\PalTrackerTests\PalTrackerTests.csproj", "{C73EEF58-77CC-4A03-8BCE-279B2F4E66C7}"
EndProject
Global
	GlobalSection(SolutionConfigurationPlatforms) = preSolution
		Debug|Any CPU = Debug|Any CPU
		Debug|x64 = Debug|x64
		Debug|x86 = Debug|x86
		Release|Any CPU = Release|Any CPU
		Release|x64 = Release|x64
		Release|x86 = Release|x86
	EndGlobalSection
	GlobalSection(SolutionProperties) = preSolution
		HideSolutionNode = FALSE
	EndGlobalSection
	GlobalSection(ProjectConfigurationPlatforms) = postSolution
		{5E2161DF-6D6F-4CBF-AAE6-015C607FB143}.Debug|Any CPU.ActiveCfg = Debug|Any CPU
		{5E2161DF-6D6F-4CBF-AAE6-015C607FB143}.Debug|Any CPU.Build.0 = Debug|Any CPU
		{5E2161DF-6D6F-4CBF-AAE6-015C607FB143}.Debug|x64.ActiveCfg = Debug|Any CPU
		{5E2161DF-6D6F-4CBF-AAE6-015C607FB143}.Debug|x64.Build.0 = Debug|Any CPU
		{5E2161DF-6D6F-4CBF-AAE6-015C607FB143}.Debug|x86.ActiveCfg = Debug|Any CPU
		{5E2161DF-6D6F-4CBF-AAE6-015C607FB143}.Debug|x86.Build.0 = Debug|Any CPU
		{5E2161DF-6D6F-4CBF-AAE6-015C607FB143}.Release|Any CPU.ActiveCfg = Release|Any CPU
		{5E2161DF-6D6F-4CBF-AAE6-015C607FB143}.Release|Any CPU.Build.0 = Release|Any CPU
		{5E2161DF-6D6F-4CBF-AAE6-015C607FB143}.Release|x64.ActiveCfg = Release|Any CPU
		{5E2161DF-6D6F-4CBF-AAE6-015C607FB143}.Release|x64.Build.0 = Release|Any CPU
		{5E2161DF-6D6F-4CBF-AAE6-015C607FB143}.Release|x86.ActiveCfg = Release|Any CPU
		{5E2161DF-6D6F-4CBF-AAE6-015C607FB143}.Release|x86.Build.0 = Release|Any CPU
		{C73EEF58-77CC-4A03-8BCE-279B2F4E66C7}.Debug|Any CPU.ActiveCfg = Debug|Any CPU
		{C73EEF58-77CC-4A03-8BCE-279B2F4E66C7}.Debug|Any CPU.Build.0 = Debug|Any CPU
		{C73EEF58-77CC-4A03-8BCE-279B2F4E66C7}.Debug|x64.ActiveCfg = Debug|Any CPU
		{C73EEF58-77CC-4A03-8BCE-279B2F4E66C7}.Debug|x64.Build.0 = Debug|Any CPU
		{C73EEF58-77CC-4A03-8BCE-279B2F4E66C7}.Debug|x86.ActiveCfg = Debug|Any CPU
		{C73EEF58-77CC-4A03-8BCE-279B2F4E66C7}.Debug|x86.Build.0 = Debug|Any CPU
		{C73EEF58-77CC-4A03-8BCE-279B2F4E66C7}.Release|Any CPU.ActiveCfg = Release|Any CPU
		{C73EEF58-77CC-4A03-8BCE-279B2F4E66C7}.Release|Any CPU.Build.0 = Release|Any CPU
		{C73EEF58-77CC-4A03-8BCE-279B2F4E66C7}.Release|x64.ActiveCfg = Release|Any CPU
		{C73EEF58-77CC-4A03-8BCE-279B2F4E66C7}.Release|x64.Build.0 = Release|Any CPU
		{C73EEF58-77CC-4A03-8BCE-279B2F4E66C7}.Release|x86.ActiveCfg = Release|Any CPU
		{C73EEF58-77CC-4A03-8BCE-279B2F4E66C7}.Release|x86.Build.0 = Release|Any CPU
	EndGlobalSection
	GlobalSection(NestedProjects) = preSolution
		{5E2161DF-6D6F-4CBF-AAE6-015C607FB143} = {CE76592F-1F6E-4CFE-82D4-7AB3382E34D8}
		{C73EEF58-77CC-4A03-8BCE-279B2F4E66C7} = {817A34D7-E368-43E4-8AF4-B739E686029D}
	EndGlobalSection
EndGlobal
